
Microsoft Visual Studio Solution File, Format Version 12.00
# Visual Studio 2012
Project("{FAE04EC0-301F-11D3-BF4B-00C04F79EFBC}") = "CPSC481", "CPSC481\CPSC481.csproj", "{ED805C37-8E91-449F-BC4F-344F262C6C04}"
EndProject
Global
	GlobalSection(SolutionConfigurationPlatforms) = preSolution
		Debug|Any CPU = Debug|Any CPU
		Release|Any CPU = Release|Any CPU
	EndGlobalSection
	GlobalSection(ProjectConfigurationPlatforms) = postSolution
		{ED805C37-8E91-449F-BC4F-344F262C6C04}.Debug|Any CPU.ActiveCfg = Debug|Any CPU
		{ED805C37-8E91-449F-BC4F-344F262C6C04}.Debug|Any CPU.Build.0 = Debug|Any CPU
		{ED805C37-8E91-449F-BC4F-344F262C6C04}.Release|Any CPU.ActiveCfg = Release|Any CPU
		{ED805C37-8E91-449F-BC4F-344F262C6C04}.Release|Any CPU.Build.0 = Release|Any CPU
	EndGlobalSection
	GlobalSection(SolutionProperties) = preSolution
		HideSolutionNode = FALSE
	EndGlobalSection
EndGlobal
